
Microsoft Visual Studio Solution File, Format Version 12.00
# Visual Studio 15
Project("{FAE04EC0-301F-11D3-BF4B-00C04F79EFBC}") = "Assembly-CSharp", "Assembly-CSharp.csproj", "{2AF25A78-F380-F9E6-3720-DF41C28CB0BE}"
EndProject
Project("{FAE04EC0-301F-11D3-BF4B-00C04F79EFBC}") = "Assembly-CSharp-Editor", "Assembly-CSharp-Editor.csproj", "{9E694789-1128-2A49-AAD0-4D480FFA8717}"
EndProject
Global
	GlobalSection(SolutionConfigurationPlatforms) = preSolution
		Debug|Any CPU = Debug|Any CPU
		Release|Any CPU = Release|Any CPU
	EndGlobalSection
	GlobalSection(ProjectConfigurationPlatforms) = postSolution
		{2AF25A78-F380-F9E6-3720-DF41C28CB0BE}.Debug|Any CPU.ActiveCfg = Debug|Any CPU
		{2AF25A78-F380-F9E6-3720-DF41C28CB0BE}.Debug|Any CPU.Build.0 = Debug|Any CPU
		{2AF25A78-F380-F9E6-3720-DF41C28CB0BE}.Release|Any CPU.ActiveCfg = Release|Any CPU
		{2AF25A78-F380-F9E6-3720-DF41C28CB0BE}.Release|Any CPU.Build.0 = Release|Any CPU
		{9E694789-1128-2A49-AAD0-4D480FFA8717}.Debug|Any CPU.ActiveCfg = Debug|Any CPU
		{9E694789-1128-2A49-AAD0-4D480FFA8717}.Debug|Any CPU.Build.0 = Debug|Any CPU
		{9E694789-1128-2A49-AAD0-4D480FFA8717}.Release|Any CPU.ActiveCfg = Release|Any CPU
		{9E694789-1128-2A49-AAD0-4D480FFA8717}.Release|Any CPU.Build.0 = Release|Any CPU
	EndGlobalSection
	GlobalSection(SolutionProperties) = preSolution
		HideSolutionNode = FALSE
	EndGlobalSection
EndGlobal
